
Microsoft Visual Studio Solution File, Format Version 12.00
# Visual Studio Version 17
VisualStudioVersion = 17.10.34928.147
MinimumVisualStudioVersion = 10.0.40219.1
Project("{FAE04EC0-301F-11D3-BF4B-00C04F79EFBC}") = "ProjetoModeloPadraoAspNetCore8Microsoft", "ProjetoModeloPadraoAspNetCore8Microsoft\ProjetoModeloPadraoAspNetCore8Microsoft.csproj", "{6C31B1B8-28F4-410B-8851-79BD25C92829}"
EndProject
Global
	GlobalSection(SolutionConfigurationPlatforms) = preSolution
		Debug|Any CPU = Debug|Any CPU
		Release|Any CPU = Release|Any CPU
	EndGlobalSection
	GlobalSection(ProjectConfigurationPlatforms) = postSolution
		{6C31B1B8-28F4-410B-8851-79BD25C92829}.Debug|Any CPU.ActiveCfg = Debug|Any CPU
		{6C31B1B8-28F4-410B-8851-79BD25C92829}.Debug|Any CPU.Build.0 = Debug|Any CPU
		{6C31B1B8-28F4-410B-8851-79BD25C92829}.Release|Any CPU.ActiveCfg = Release|Any CPU
		{6C31B1B8-28F4-410B-8851-79BD25C92829}.Release|Any CPU.Build.0 = Release|Any CPU
	EndGlobalSection
	GlobalSection(SolutionProperties) = preSolution
		HideSolutionNode = FALSE
	EndGlobalSection
	GlobalSection(ExtensibilityGlobals) = postSolution
		SolutionGuid = {2CE0B757-F29A-4B67-883E-18293265EA8C}
	EndGlobalSection
EndGlobal
